
Microsoft Visual Studio Solution File, Format Version 12.00
# Visual Studio Version 16
VisualStudioVersion = 16.0.30717.126
MinimumVisualStudioVersion = 10.0.40219.1
Project("{FAE04EC0-301F-11D3-BF4B-00C04F79EFBC}") = "GrpcService", "GrpcService\GrpcService.csproj", "{23039C35-B96F-47A1-AC37-1716C87DCB37}"
EndProject
Project("{FAE04EC0-301F-11D3-BF4B-00C04F79EFBC}") = "GrpcClient", "GrpcClient\GrpcClient.csproj", "{FE2C7A53-E182-4150-9690-A0CA37DB1B75}"
EndProject
Global
	GlobalSection(SolutionConfigurationPlatforms) = preSolution
		Debug|Any CPU = Debug|Any CPU
		Release|Any CPU = Release|Any CPU
	EndGlobalSection
	GlobalSection(ProjectConfigurationPlatforms) = postSolution
		{23039C35-B96F-47A1-AC37-1716C87DCB37}.Debug|Any CPU.ActiveCfg = Debug|Any CPU
		{23039C35-B96F-47A1-AC37-1716C87DCB37}.Debug|Any CPU.Build.0 = Debug|Any CPU
		{23039C35-B96F-47A1-AC37-1716C87DCB37}.Release|Any CPU.ActiveCfg = Release|Any CPU
		{23039C35-B96F-47A1-AC37-1716C87DCB37}.Release|Any CPU.Build.0 = Release|Any CPU
		{FE2C7A53-E182-4150-9690-A0CA37DB1B75}.Debug|Any CPU.ActiveCfg = Debug|Any CPU
		{FE2C7A53-E182-4150-9690-A0CA37DB1B75}.Debug|Any CPU.Build.0 = Debug|Any CPU
		{FE2C7A53-E182-4150-9690-A0CA37DB1B75}.Release|Any CPU.ActiveCfg = Release|Any CPU
		{FE2C7A53-E182-4150-9690-A0CA37DB1B75}.Release|Any CPU.Build.0 = Release|Any CPU
	EndGlobalSection
	GlobalSection(SolutionProperties) = preSolution
		HideSolutionNode = FALSE
	EndGlobalSection
	GlobalSection(ExtensibilityGlobals) = postSolution
		SolutionGuid = {B467EB7E-3638-4D74-BDF7-E9D6D12E3E11}
	EndGlobalSection
EndGlobal
